
Microsoft Visual Studio Solution File, Format Version 12.00
# Visual Studio Version 17
VisualStudioVersion = 17.3.32929.385
MinimumVisualStudioVersion = 10.0.40219.1
Project("{FAE04EC0-301F-11D3-BF4B-00C04F79EFBC}") = "Hafta7Ornek2", "Hafta7Ornek2\Hafta7Ornek2.csproj", "{5890991D-3753-469C-86F9-4A2D2EC1BC05}"
EndProject
Global
	GlobalSection(SolutionConfigurationPlatforms) = preSolution
		Debug|Any CPU = Debug|Any CPU
		Release|Any CPU = Release|Any CPU
	EndGlobalSection
	GlobalSection(ProjectConfigurationPlatforms) = postSolution
		{5890991D-3753-469C-86F9-4A2D2EC1BC05}.Debug|Any CPU.ActiveCfg = Debug|Any CPU
		{5890991D-3753-469C-86F9-4A2D2EC1BC05}.Debug|Any CPU.Build.0 = Debug|Any CPU
		{5890991D-3753-469C-86F9-4A2D2EC1BC05}.Release|Any CPU.ActiveCfg = Release|Any CPU
		{5890991D-3753-469C-86F9-4A2D2EC1BC05}.Release|Any CPU.Build.0 = Release|Any CPU
	EndGlobalSection
	GlobalSection(SolutionProperties) = preSolution
		HideSolutionNode = FALSE
	EndGlobalSection
	GlobalSection(ExtensibilityGlobals) = postSolution
		SolutionGuid = {AA98C719-326A-4070-B88F-30A63E409B75}
	EndGlobalSection
EndGlobal
