
Microsoft Visual Studio Solution File, Format Version 12.00
# Visual Studio Version 17
VisualStudioVersion = 17.3.32929.385
MinimumVisualStudioVersion = 10.0.40219.1
Project("{FAE04EC0-301F-11D3-BF4B-00C04F79EFBC}") = "Hafta9Ornek4", "Hafta9Ornek4\Hafta9Ornek4.csproj", "{1E047549-7BBF-4671-8D1E-6686DF26C970}"
EndProject
Global
	GlobalSection(SolutionConfigurationPlatforms) = preSolution
		Debug|Any CPU = Debug|Any CPU
		Release|Any CPU = Release|Any CPU
	EndGlobalSection
	GlobalSection(ProjectConfigurationPlatforms) = postSolution
		{1E047549-7BBF-4671-8D1E-6686DF26C970}.Debug|Any CPU.ActiveCfg = Debug|Any CPU
		{1E047549-7BBF-4671-8D1E-6686DF26C970}.Debug|Any CPU.Build.0 = Debug|Any CPU
		{1E047549-7BBF-4671-8D1E-6686DF26C970}.Release|Any CPU.ActiveCfg = Release|Any CPU
		{1E047549-7BBF-4671-8D1E-6686DF26C970}.Release|Any CPU.Build.0 = Release|Any CPU
	EndGlobalSection
	GlobalSection(SolutionProperties) = preSolution
		HideSolutionNode = FALSE
	EndGlobalSection
	GlobalSection(ExtensibilityGlobals) = postSolution
		SolutionGuid = {4552939E-1571-4006-8129-959E85C67726}
	EndGlobalSection
EndGlobal
