
Microsoft Visual Studio Solution File, Format Version 12.00
# Visual Studio Version 17
VisualStudioVersion = 17.3.32929.385
MinimumVisualStudioVersion = 10.0.40219.1
Project("{FAE04EC0-301F-11D3-BF4B-00C04F79EFBC}") = "Hafta3Ornek5", "Hafta3Ornek5\Hafta3Ornek5.csproj", "{2D4BA9EB-09B5-4D2A-8C8C-2248720C688E}"
EndProject
Global
	GlobalSection(SolutionConfigurationPlatforms) = preSolution
		Debug|Any CPU = Debug|Any CPU
		Release|Any CPU = Release|Any CPU
	EndGlobalSection
	GlobalSection(ProjectConfigurationPlatforms) = postSolution
		{2D4BA9EB-09B5-4D2A-8C8C-2248720C688E}.Debug|Any CPU.ActiveCfg = Debug|Any CPU
		{2D4BA9EB-09B5-4D2A-8C8C-2248720C688E}.Debug|Any CPU.Build.0 = Debug|Any CPU
		{2D4BA9EB-09B5-4D2A-8C8C-2248720C688E}.Release|Any CPU.ActiveCfg = Release|Any CPU
		{2D4BA9EB-09B5-4D2A-8C8C-2248720C688E}.Release|Any CPU.Build.0 = Release|Any CPU
	EndGlobalSection
	GlobalSection(SolutionProperties) = preSolution
		HideSolutionNode = FALSE
	EndGlobalSection
	GlobalSection(ExtensibilityGlobals) = postSolution
		SolutionGuid = {DC56E371-8F5D-447F-9F0A-B940D7259020}
	EndGlobalSection
EndGlobal
