
Microsoft Visual Studio Solution File, Format Version 12.00
# Visual Studio Version 17
VisualStudioVersion = 17.3.32929.385
MinimumVisualStudioVersion = 10.0.40219.1
Project("{FAE04EC0-301F-11D3-BF4B-00C04F79EFBC}") = "Hafta9Ornek12", "Hafta9Ornek12\Hafta9Ornek12.csproj", "{5990A6EE-2C05-42F8-AE27-2B6D15A4989B}"
EndProject
Global
	GlobalSection(SolutionConfigurationPlatforms) = preSolution
		Debug|Any CPU = Debug|Any CPU
		Release|Any CPU = Release|Any CPU
	EndGlobalSection
	GlobalSection(ProjectConfigurationPlatforms) = postSolution
		{5990A6EE-2C05-42F8-AE27-2B6D15A4989B}.Debug|Any CPU.ActiveCfg = Debug|Any CPU
		{5990A6EE-2C05-42F8-AE27-2B6D15A4989B}.Debug|Any CPU.Build.0 = Debug|Any CPU
		{5990A6EE-2C05-42F8-AE27-2B6D15A4989B}.Release|Any CPU.ActiveCfg = Release|Any CPU
		{5990A6EE-2C05-42F8-AE27-2B6D15A4989B}.Release|Any CPU.Build.0 = Release|Any CPU
	EndGlobalSection
	GlobalSection(SolutionProperties) = preSolution
		HideSolutionNode = FALSE
	EndGlobalSection
	GlobalSection(ExtensibilityGlobals) = postSolution
		SolutionGuid = {5AEB785E-3DF3-4CD1-8AFE-5DFE30DA1BDE}
	EndGlobalSection
EndGlobal
