
Microsoft Visual Studio Solution File, Format Version 12.00
# Visual Studio Version 17
VisualStudioVersion = 17.3.32929.385
MinimumVisualStudioVersion = 10.0.40219.1
Project("{FAE04EC0-301F-11D3-BF4B-00C04F79EFBC}") = "Hafta4Ornek8", "Hafta4Ornek8\Hafta4Ornek8.csproj", "{EBCAC3B5-0C8B-4C63-BE24-9331876448CB}"
EndProject
Global
	GlobalSection(SolutionConfigurationPlatforms) = preSolution
		Debug|Any CPU = Debug|Any CPU
		Release|Any CPU = Release|Any CPU
	EndGlobalSection
	GlobalSection(ProjectConfigurationPlatforms) = postSolution
		{EBCAC3B5-0C8B-4C63-BE24-9331876448CB}.Debug|Any CPU.ActiveCfg = Debug|Any CPU
		{EBCAC3B5-0C8B-4C63-BE24-9331876448CB}.Debug|Any CPU.Build.0 = Debug|Any CPU
		{EBCAC3B5-0C8B-4C63-BE24-9331876448CB}.Release|Any CPU.ActiveCfg = Release|Any CPU
		{EBCAC3B5-0C8B-4C63-BE24-9331876448CB}.Release|Any CPU.Build.0 = Release|Any CPU
	EndGlobalSection
	GlobalSection(SolutionProperties) = preSolution
		HideSolutionNode = FALSE
	EndGlobalSection
	GlobalSection(ExtensibilityGlobals) = postSolution
		SolutionGuid = {5BABF1D7-6E82-442D-AFB1-FEE7AD64A1B4}
	EndGlobalSection
EndGlobal
