
Microsoft Visual Studio Solution File, Format Version 12.00
# Visual Studio Version 17
VisualStudioVersion = 17.3.32929.385
MinimumVisualStudioVersion = 10.0.40219.1
Project("{FAE04EC0-301F-11D3-BF4B-00C04F79EFBC}") = "Hafta4Ornek2", "Hafta4Ornek2\Hafta4Ornek2.csproj", "{5466CA45-2AB5-42B7-9B0C-0AE3027A122C}"
EndProject
Global
	GlobalSection(SolutionConfigurationPlatforms) = preSolution
		Debug|Any CPU = Debug|Any CPU
		Release|Any CPU = Release|Any CPU
	EndGlobalSection
	GlobalSection(ProjectConfigurationPlatforms) = postSolution
		{5466CA45-2AB5-42B7-9B0C-0AE3027A122C}.Debug|Any CPU.ActiveCfg = Debug|Any CPU
		{5466CA45-2AB5-42B7-9B0C-0AE3027A122C}.Debug|Any CPU.Build.0 = Debug|Any CPU
		{5466CA45-2AB5-42B7-9B0C-0AE3027A122C}.Release|Any CPU.ActiveCfg = Release|Any CPU
		{5466CA45-2AB5-42B7-9B0C-0AE3027A122C}.Release|Any CPU.Build.0 = Release|Any CPU
	EndGlobalSection
	GlobalSection(SolutionProperties) = preSolution
		HideSolutionNode = FALSE
	EndGlobalSection
	GlobalSection(ExtensibilityGlobals) = postSolution
		SolutionGuid = {BADED6B3-F0C7-415A-A099-FB30E26D3251}
	EndGlobalSection
EndGlobal
