
Microsoft Visual Studio Solution File, Format Version 12.00
# Visual Studio Version 17
VisualStudioVersion = 17.3.32929.385
MinimumVisualStudioVersion = 10.0.40219.1
Project("{FAE04EC0-301F-11D3-BF4B-00C04F79EFBC}") = "Hafta4Ornek1", "Hafta4Ornek1\Hafta4Ornek1.csproj", "{B159C658-6334-4942-B643-17F4CBB752FF}"
EndProject
Global
	GlobalSection(SolutionConfigurationPlatforms) = preSolution
		Debug|Any CPU = Debug|Any CPU
		Release|Any CPU = Release|Any CPU
	EndGlobalSection
	GlobalSection(ProjectConfigurationPlatforms) = postSolution
		{B159C658-6334-4942-B643-17F4CBB752FF}.Debug|Any CPU.ActiveCfg = Debug|Any CPU
		{B159C658-6334-4942-B643-17F4CBB752FF}.Debug|Any CPU.Build.0 = Debug|Any CPU
		{B159C658-6334-4942-B643-17F4CBB752FF}.Release|Any CPU.ActiveCfg = Release|Any CPU
		{B159C658-6334-4942-B643-17F4CBB752FF}.Release|Any CPU.Build.0 = Release|Any CPU
	EndGlobalSection
	GlobalSection(SolutionProperties) = preSolution
		HideSolutionNode = FALSE
	EndGlobalSection
	GlobalSection(ExtensibilityGlobals) = postSolution
		SolutionGuid = {8628CC26-C877-44E5-A1EC-BE725EF95FB4}
	EndGlobalSection
EndGlobal
