
Microsoft Visual Studio Solution File, Format Version 12.00
# Visual Studio Version 17
VisualStudioVersion = 17.3.32929.385
MinimumVisualStudioVersion = 10.0.40219.1
Project("{FAE04EC0-301F-11D3-BF4B-00C04F79EFBC}") = "Hafta9Ornek10", "Hafta9Ornek10\Hafta9Ornek10.csproj", "{0B146AF8-36FF-4498-9DBA-5B2EB997729A}"
EndProject
Global
	GlobalSection(SolutionConfigurationPlatforms) = preSolution
		Debug|Any CPU = Debug|Any CPU
		Release|Any CPU = Release|Any CPU
	EndGlobalSection
	GlobalSection(ProjectConfigurationPlatforms) = postSolution
		{0B146AF8-36FF-4498-9DBA-5B2EB997729A}.Debug|Any CPU.ActiveCfg = Debug|Any CPU
		{0B146AF8-36FF-4498-9DBA-5B2EB997729A}.Debug|Any CPU.Build.0 = Debug|Any CPU
		{0B146AF8-36FF-4498-9DBA-5B2EB997729A}.Release|Any CPU.ActiveCfg = Release|Any CPU
		{0B146AF8-36FF-4498-9DBA-5B2EB997729A}.Release|Any CPU.Build.0 = Release|Any CPU
	EndGlobalSection
	GlobalSection(SolutionProperties) = preSolution
		HideSolutionNode = FALSE
	EndGlobalSection
	GlobalSection(ExtensibilityGlobals) = postSolution
		SolutionGuid = {F5412C1B-53B1-4F69-96A5-94C3501AC168}
	EndGlobalSection
EndGlobal
