
Microsoft Visual Studio Solution File, Format Version 12.00
# Visual Studio Version 17
VisualStudioVersion = 17.3.32929.385
MinimumVisualStudioVersion = 10.0.40219.1
Project("{FAE04EC0-301F-11D3-BF4B-00C04F79EFBC}") = "Hafta5Ornek9", "Hafta5Ornek9\Hafta5Ornek9.csproj", "{EE90347C-D011-4893-89F1-B768C96B66BC}"
EndProject
Global
	GlobalSection(SolutionConfigurationPlatforms) = preSolution
		Debug|Any CPU = Debug|Any CPU
		Release|Any CPU = Release|Any CPU
	EndGlobalSection
	GlobalSection(ProjectConfigurationPlatforms) = postSolution
		{EE90347C-D011-4893-89F1-B768C96B66BC}.Debug|Any CPU.ActiveCfg = Debug|Any CPU
		{EE90347C-D011-4893-89F1-B768C96B66BC}.Debug|Any CPU.Build.0 = Debug|Any CPU
		{EE90347C-D011-4893-89F1-B768C96B66BC}.Release|Any CPU.ActiveCfg = Release|Any CPU
		{EE90347C-D011-4893-89F1-B768C96B66BC}.Release|Any CPU.Build.0 = Release|Any CPU
	EndGlobalSection
	GlobalSection(SolutionProperties) = preSolution
		HideSolutionNode = FALSE
	EndGlobalSection
	GlobalSection(ExtensibilityGlobals) = postSolution
		SolutionGuid = {0DC8DDA7-062D-4937-98D7-87BF85902D25}
	EndGlobalSection
EndGlobal
