
Microsoft Visual Studio Solution File, Format Version 12.00
# Visual Studio Version 17
VisualStudioVersion = 17.3.32929.385
MinimumVisualStudioVersion = 10.0.40219.1
Project("{FAE04EC0-301F-11D3-BF4B-00C04F79EFBC}") = "Hafta9Ornek11", "Hafta9Ornek11\Hafta9Ornek11.csproj", "{F62B30AC-8892-4831-B888-7F319C9BD354}"
EndProject
Global
	GlobalSection(SolutionConfigurationPlatforms) = preSolution
		Debug|Any CPU = Debug|Any CPU
		Release|Any CPU = Release|Any CPU
	EndGlobalSection
	GlobalSection(ProjectConfigurationPlatforms) = postSolution
		{F62B30AC-8892-4831-B888-7F319C9BD354}.Debug|Any CPU.ActiveCfg = Debug|Any CPU
		{F62B30AC-8892-4831-B888-7F319C9BD354}.Debug|Any CPU.Build.0 = Debug|Any CPU
		{F62B30AC-8892-4831-B888-7F319C9BD354}.Release|Any CPU.ActiveCfg = Release|Any CPU
		{F62B30AC-8892-4831-B888-7F319C9BD354}.Release|Any CPU.Build.0 = Release|Any CPU
	EndGlobalSection
	GlobalSection(SolutionProperties) = preSolution
		HideSolutionNode = FALSE
	EndGlobalSection
	GlobalSection(ExtensibilityGlobals) = postSolution
		SolutionGuid = {FC83D4E0-4077-4FB0-AA43-C3D6F621B0E3}
	EndGlobalSection
EndGlobal
