
Microsoft Visual Studio Solution File, Format Version 12.00
# Visual Studio Version 17
VisualStudioVersion = 17.3.32929.385
MinimumVisualStudioVersion = 10.0.40219.1
Project("{FAE04EC0-301F-11D3-BF4B-00C04F79EFBC}") = "Hafta5Ornek3", "Hafta5Ornek3\Hafta5Ornek3.csproj", "{0BCA0F4C-A738-472D-9C2F-5FEB1AB395E5}"
EndProject
Global
	GlobalSection(SolutionConfigurationPlatforms) = preSolution
		Debug|Any CPU = Debug|Any CPU
		Release|Any CPU = Release|Any CPU
	EndGlobalSection
	GlobalSection(ProjectConfigurationPlatforms) = postSolution
		{0BCA0F4C-A738-472D-9C2F-5FEB1AB395E5}.Debug|Any CPU.ActiveCfg = Debug|Any CPU
		{0BCA0F4C-A738-472D-9C2F-5FEB1AB395E5}.Debug|Any CPU.Build.0 = Debug|Any CPU
		{0BCA0F4C-A738-472D-9C2F-5FEB1AB395E5}.Release|Any CPU.ActiveCfg = Release|Any CPU
		{0BCA0F4C-A738-472D-9C2F-5FEB1AB395E5}.Release|Any CPU.Build.0 = Release|Any CPU
	EndGlobalSection
	GlobalSection(SolutionProperties) = preSolution
		HideSolutionNode = FALSE
	EndGlobalSection
	GlobalSection(ExtensibilityGlobals) = postSolution
		SolutionGuid = {B21CBE54-10DE-4931-981B-1A66D8DE58B0}
	EndGlobalSection
EndGlobal
