
Microsoft Visual Studio Solution File, Format Version 12.00
# Visual Studio Version 17
VisualStudioVersion = 17.3.32929.385
MinimumVisualStudioVersion = 10.0.40219.1
Project("{FAE04EC0-301F-11D3-BF4B-00C04F79EFBC}") = "Hafta4Ornek5", "Hafta4Ornek5\Hafta4Ornek5.csproj", "{C7758FBF-14B1-46DD-8988-9DCCCBE5CBD9}"
EndProject
Global
	GlobalSection(SolutionConfigurationPlatforms) = preSolution
		Debug|Any CPU = Debug|Any CPU
		Release|Any CPU = Release|Any CPU
	EndGlobalSection
	GlobalSection(ProjectConfigurationPlatforms) = postSolution
		{C7758FBF-14B1-46DD-8988-9DCCCBE5CBD9}.Debug|Any CPU.ActiveCfg = Debug|Any CPU
		{C7758FBF-14B1-46DD-8988-9DCCCBE5CBD9}.Debug|Any CPU.Build.0 = Debug|Any CPU
		{C7758FBF-14B1-46DD-8988-9DCCCBE5CBD9}.Release|Any CPU.ActiveCfg = Release|Any CPU
		{C7758FBF-14B1-46DD-8988-9DCCCBE5CBD9}.Release|Any CPU.Build.0 = Release|Any CPU
	EndGlobalSection
	GlobalSection(SolutionProperties) = preSolution
		HideSolutionNode = FALSE
	EndGlobalSection
	GlobalSection(ExtensibilityGlobals) = postSolution
		SolutionGuid = {E3F0EEE5-D549-4C26-B365-9932635321D4}
	EndGlobalSection
EndGlobal
