
Microsoft Visual Studio Solution File, Format Version 12.00
# Visual Studio Version 17
VisualStudioVersion = 17.3.32929.385
MinimumVisualStudioVersion = 10.0.40219.1
Project("{FAE04EC0-301F-11D3-BF4B-00C04F79EFBC}") = "Hafta4Ornek7", "Hafta4Ornek7\Hafta4Ornek7.csproj", "{D0671245-75ED-4A3D-9CDB-42997E8305E0}"
EndProject
Global
	GlobalSection(SolutionConfigurationPlatforms) = preSolution
		Debug|Any CPU = Debug|Any CPU
		Release|Any CPU = Release|Any CPU
	EndGlobalSection
	GlobalSection(ProjectConfigurationPlatforms) = postSolution
		{D0671245-75ED-4A3D-9CDB-42997E8305E0}.Debug|Any CPU.ActiveCfg = Debug|Any CPU
		{D0671245-75ED-4A3D-9CDB-42997E8305E0}.Debug|Any CPU.Build.0 = Debug|Any CPU
		{D0671245-75ED-4A3D-9CDB-42997E8305E0}.Release|Any CPU.ActiveCfg = Release|Any CPU
		{D0671245-75ED-4A3D-9CDB-42997E8305E0}.Release|Any CPU.Build.0 = Release|Any CPU
	EndGlobalSection
	GlobalSection(SolutionProperties) = preSolution
		HideSolutionNode = FALSE
	EndGlobalSection
	GlobalSection(ExtensibilityGlobals) = postSolution
		SolutionGuid = {8966531A-E685-4A13-A52B-F98312FC1FDF}
	EndGlobalSection
EndGlobal
