
Microsoft Visual Studio Solution File, Format Version 12.00
# Visual Studio Version 17
VisualStudioVersion = 17.3.32929.385
MinimumVisualStudioVersion = 10.0.40219.1
Project("{FAE04EC0-301F-11D3-BF4B-00C04F79EFBC}") = "Hafta3Ornek6", "Hafta3Ornek6\Hafta3Ornek6.csproj", "{08766131-BF89-4E4B-AE7D-549B5CE5AEDE}"
EndProject
Global
	GlobalSection(SolutionConfigurationPlatforms) = preSolution
		Debug|Any CPU = Debug|Any CPU
		Release|Any CPU = Release|Any CPU
	EndGlobalSection
	GlobalSection(ProjectConfigurationPlatforms) = postSolution
		{08766131-BF89-4E4B-AE7D-549B5CE5AEDE}.Debug|Any CPU.ActiveCfg = Debug|Any CPU
		{08766131-BF89-4E4B-AE7D-549B5CE5AEDE}.Debug|Any CPU.Build.0 = Debug|Any CPU
		{08766131-BF89-4E4B-AE7D-549B5CE5AEDE}.Release|Any CPU.ActiveCfg = Release|Any CPU
		{08766131-BF89-4E4B-AE7D-549B5CE5AEDE}.Release|Any CPU.Build.0 = Release|Any CPU
	EndGlobalSection
	GlobalSection(SolutionProperties) = preSolution
		HideSolutionNode = FALSE
	EndGlobalSection
	GlobalSection(ExtensibilityGlobals) = postSolution
		SolutionGuid = {36184B42-49A8-4743-BBC6-6180D16ECA08}
	EndGlobalSection
EndGlobal
