
Microsoft Visual Studio Solution File, Format Version 12.00
# Visual Studio Version 17
VisualStudioVersion = 17.3.32929.385
MinimumVisualStudioVersion = 10.0.40219.1
Project("{FAE04EC0-301F-11D3-BF4B-00C04F79EFBC}") = "Hafta5Ornek10.1", "Hafta5Ornek10.1\Hafta5Ornek10.1.csproj", "{F474B8DF-3FC3-4859-AF28-D382722D3F91}"
EndProject
Global
	GlobalSection(SolutionConfigurationPlatforms) = preSolution
		Debug|Any CPU = Debug|Any CPU
		Release|Any CPU = Release|Any CPU
	EndGlobalSection
	GlobalSection(ProjectConfigurationPlatforms) = postSolution
		{F474B8DF-3FC3-4859-AF28-D382722D3F91}.Debug|Any CPU.ActiveCfg = Debug|Any CPU
		{F474B8DF-3FC3-4859-AF28-D382722D3F91}.Debug|Any CPU.Build.0 = Debug|Any CPU
		{F474B8DF-3FC3-4859-AF28-D382722D3F91}.Release|Any CPU.ActiveCfg = Release|Any CPU
		{F474B8DF-3FC3-4859-AF28-D382722D3F91}.Release|Any CPU.Build.0 = Release|Any CPU
	EndGlobalSection
	GlobalSection(SolutionProperties) = preSolution
		HideSolutionNode = FALSE
	EndGlobalSection
	GlobalSection(ExtensibilityGlobals) = postSolution
		SolutionGuid = {2684216C-7DF1-405A-BB91-9DCEA8F3F49F}
	EndGlobalSection
EndGlobal
