
Microsoft Visual Studio Solution File, Format Version 12.00
# Visual Studio Version 17
VisualStudioVersion = 17.3.32929.385
MinimumVisualStudioVersion = 10.0.40219.1
Project("{FAE04EC0-301F-11D3-BF4B-00C04F79EFBC}") = "Hafta4Ornek6", "Hafta4Ornek6\Hafta4Ornek6.csproj", "{456F7A61-3C94-4283-9AC7-64053ADCE8BC}"
EndProject
Global
	GlobalSection(SolutionConfigurationPlatforms) = preSolution
		Debug|Any CPU = Debug|Any CPU
		Release|Any CPU = Release|Any CPU
	EndGlobalSection
	GlobalSection(ProjectConfigurationPlatforms) = postSolution
		{456F7A61-3C94-4283-9AC7-64053ADCE8BC}.Debug|Any CPU.ActiveCfg = Debug|Any CPU
		{456F7A61-3C94-4283-9AC7-64053ADCE8BC}.Debug|Any CPU.Build.0 = Debug|Any CPU
		{456F7A61-3C94-4283-9AC7-64053ADCE8BC}.Release|Any CPU.ActiveCfg = Release|Any CPU
		{456F7A61-3C94-4283-9AC7-64053ADCE8BC}.Release|Any CPU.Build.0 = Release|Any CPU
	EndGlobalSection
	GlobalSection(SolutionProperties) = preSolution
		HideSolutionNode = FALSE
	EndGlobalSection
	GlobalSection(ExtensibilityGlobals) = postSolution
		SolutionGuid = {0E6DEC9A-FAC0-471F-9C82-107DA7C3E714}
	EndGlobalSection
EndGlobal
