
Microsoft Visual Studio Solution File, Format Version 12.00
# Visual Studio Version 17
VisualStudioVersion = 17.3.32929.385
MinimumVisualStudioVersion = 10.0.40219.1
Project("{FAE04EC0-301F-11D3-BF4B-00C04F79EFBC}") = "Hafta6Ornek3", "Hafta6Ornek3\Hafta6Ornek3.csproj", "{2CB71387-F85F-4D42-AA46-EE587D3F5A60}"
EndProject
Global
	GlobalSection(SolutionConfigurationPlatforms) = preSolution
		Debug|Any CPU = Debug|Any CPU
		Release|Any CPU = Release|Any CPU
	EndGlobalSection
	GlobalSection(ProjectConfigurationPlatforms) = postSolution
		{2CB71387-F85F-4D42-AA46-EE587D3F5A60}.Debug|Any CPU.ActiveCfg = Debug|Any CPU
		{2CB71387-F85F-4D42-AA46-EE587D3F5A60}.Debug|Any CPU.Build.0 = Debug|Any CPU
		{2CB71387-F85F-4D42-AA46-EE587D3F5A60}.Release|Any CPU.ActiveCfg = Release|Any CPU
		{2CB71387-F85F-4D42-AA46-EE587D3F5A60}.Release|Any CPU.Build.0 = Release|Any CPU
	EndGlobalSection
	GlobalSection(SolutionProperties) = preSolution
		HideSolutionNode = FALSE
	EndGlobalSection
	GlobalSection(ExtensibilityGlobals) = postSolution
		SolutionGuid = {70C1F2B3-E52E-4C40-990F-9FA8A81BFF02}
	EndGlobalSection
EndGlobal
