
Microsoft Visual Studio Solution File, Format Version 12.00
# Visual Studio Version 17
VisualStudioVersion = 17.3.32929.385
MinimumVisualStudioVersion = 10.0.40219.1
Project("{FAE04EC0-301F-11D3-BF4B-00C04F79EFBC}") = "Hafta5Ornek4", "Hafta5Ornek4\Hafta5Ornek4.csproj", "{FAE3B2EA-8134-4BCA-A42F-7CAB63A443D8}"
EndProject
Global
	GlobalSection(SolutionConfigurationPlatforms) = preSolution
		Debug|Any CPU = Debug|Any CPU
		Release|Any CPU = Release|Any CPU
	EndGlobalSection
	GlobalSection(ProjectConfigurationPlatforms) = postSolution
		{FAE3B2EA-8134-4BCA-A42F-7CAB63A443D8}.Debug|Any CPU.ActiveCfg = Debug|Any CPU
		{FAE3B2EA-8134-4BCA-A42F-7CAB63A443D8}.Debug|Any CPU.Build.0 = Debug|Any CPU
		{FAE3B2EA-8134-4BCA-A42F-7CAB63A443D8}.Release|Any CPU.ActiveCfg = Release|Any CPU
		{FAE3B2EA-8134-4BCA-A42F-7CAB63A443D8}.Release|Any CPU.Build.0 = Release|Any CPU
	EndGlobalSection
	GlobalSection(SolutionProperties) = preSolution
		HideSolutionNode = FALSE
	EndGlobalSection
	GlobalSection(ExtensibilityGlobals) = postSolution
		SolutionGuid = {852496DA-E874-4765-B6AF-CCAD55131015}
	EndGlobalSection
EndGlobal
