
Microsoft Visual Studio Solution File, Format Version 12.00
# Visual Studio Version 17
VisualStudioVersion = 17.3.32929.385
MinimumVisualStudioVersion = 10.0.40219.1
Project("{FAE04EC0-301F-11D3-BF4B-00C04F79EFBC}") = "Hafta5Ornek10", "Hafta5Ornek10\Hafta5Ornek10.csproj", "{B0538B8E-9461-4AC2-80F2-FED1121D0D93}"
EndProject
Global
	GlobalSection(SolutionConfigurationPlatforms) = preSolution
		Debug|Any CPU = Debug|Any CPU
		Release|Any CPU = Release|Any CPU
	EndGlobalSection
	GlobalSection(ProjectConfigurationPlatforms) = postSolution
		{B0538B8E-9461-4AC2-80F2-FED1121D0D93}.Debug|Any CPU.ActiveCfg = Debug|Any CPU
		{B0538B8E-9461-4AC2-80F2-FED1121D0D93}.Debug|Any CPU.Build.0 = Debug|Any CPU
		{B0538B8E-9461-4AC2-80F2-FED1121D0D93}.Release|Any CPU.ActiveCfg = Release|Any CPU
		{B0538B8E-9461-4AC2-80F2-FED1121D0D93}.Release|Any CPU.Build.0 = Release|Any CPU
	EndGlobalSection
	GlobalSection(SolutionProperties) = preSolution
		HideSolutionNode = FALSE
	EndGlobalSection
	GlobalSection(ExtensibilityGlobals) = postSolution
		SolutionGuid = {5CF3E387-C4D7-4042-AE50-8A463C0F0DD8}
	EndGlobalSection
EndGlobal
